
Microsoft Visual Studio Solution File, Format Version 12.00
# Visual Studio Version 17
VisualStudioVersion = 17.2.32505.173
MinimumVisualStudioVersion = 10.0.40219.1
Project("{FAE04EC0-301F-11D3-BF4B-00C04F79EFBC}") = "CafeApplication", "CafeApplication\CafeApplication.csproj", "{897F4630-C321-4568-BE52-9A9D3A432AFA}"
EndProject
Global
	GlobalSection(SolutionConfigurationPlatforms) = preSolution
		Debug|Any CPU = Debug|Any CPU
		Release|Any CPU = Release|Any CPU
	EndGlobalSection
	GlobalSection(ProjectConfigurationPlatforms) = postSolution
		{897F4630-C321-4568-BE52-9A9D3A432AFA}.Debug|Any CPU.ActiveCfg = Debug|Any CPU
		{897F4630-C321-4568-BE52-9A9D3A432AFA}.Debug|Any CPU.Build.0 = Debug|Any CPU
		{897F4630-C321-4568-BE52-9A9D3A432AFA}.Release|Any CPU.ActiveCfg = Release|Any CPU
		{897F4630-C321-4568-BE52-9A9D3A432AFA}.Release|Any CPU.Build.0 = Release|Any CPU
	EndGlobalSection
	GlobalSection(SolutionProperties) = preSolution
		HideSolutionNode = FALSE
	EndGlobalSection
	GlobalSection(ExtensibilityGlobals) = postSolution
		SolutionGuid = {4801F06D-9829-4C2B-B3AE-6C32B72AC474}
	EndGlobalSection
EndGlobal
